
Microsoft Visual Studio Solution File, Format Version 12.00
# Visual Studio 2012
Project("{8BC9CEB8-8B4A-11D0-8D11-00A0C91BC942}") = "LAB3Extra", "LAB3Extra\LAB3Extra.vcxproj", "{C86C3009-7269-4E1B-97E8-A6DF6ECDA59B}"
EndProject
Global
	GlobalSection(SolutionConfigurationPlatforms) = preSolution
		Debug|Win32 = Debug|Win32
		Release|Win32 = Release|Win32
	EndGlobalSection
	GlobalSection(ProjectConfigurationPlatforms) = postSolution
		{C86C3009-7269-4E1B-97E8-A6DF6ECDA59B}.Debug|Win32.ActiveCfg = Debug|Win32
		{C86C3009-7269-4E1B-97E8-A6DF6ECDA59B}.Debug|Win32.Build.0 = Debug|Win32
		{C86C3009-7269-4E1B-97E8-A6DF6ECDA59B}.Release|Win32.ActiveCfg = Release|Win32
		{C86C3009-7269-4E1B-97E8-A6DF6ECDA59B}.Release|Win32.Build.0 = Release|Win32
	EndGlobalSection
	GlobalSection(SolutionProperties) = preSolution
		HideSolutionNode = FALSE
	EndGlobalSection
EndGlobal
