
Microsoft Visual Studio Solution File, Format Version 12.00
# Visual Studio 2012
Project("{8BC9CEB8-8B4A-11D0-8D11-00A0C91BC942}") = "LAB6", "LAB6\LAB6.vcxproj", "{C418486D-31E6-44A7-962A-1AFE072093E0}"
EndProject
Global
	GlobalSection(SolutionConfigurationPlatforms) = preSolution
		Debug|Win32 = Debug|Win32
		Release|Win32 = Release|Win32
	EndGlobalSection
	GlobalSection(ProjectConfigurationPlatforms) = postSolution
		{C418486D-31E6-44A7-962A-1AFE072093E0}.Debug|Win32.ActiveCfg = Debug|Win32
		{C418486D-31E6-44A7-962A-1AFE072093E0}.Debug|Win32.Build.0 = Debug|Win32
		{C418486D-31E6-44A7-962A-1AFE072093E0}.Release|Win32.ActiveCfg = Release|Win32
		{C418486D-31E6-44A7-962A-1AFE072093E0}.Release|Win32.Build.0 = Release|Win32
	EndGlobalSection
	GlobalSection(SolutionProperties) = preSolution
		HideSolutionNode = FALSE
	EndGlobalSection
EndGlobal
